
Microsoft Visual Studio Solution File, Format Version 12.00
# Visual Studio Version 16
VisualStudioVersion = 16.0.30002.166
MinimumVisualStudioVersion = 10.0.40219.1
Project("{9A19103F-16F7-4668-BE54-9A1E7A4F7556}") = "Marcin-Domek-Console", "Marcin-Domek-Console.csproj", "{DA5190A3-F971-48F6-8AB0-DC5697ACCFB1}"
EndProject
Project("{2150E333-8FDC-42A3-9474-1A3956D46DE8}") = "Solution Items", "Solution Items", "{CAB9940D-89F2-4315-9BD3-2AEF13853A4C}"
	ProjectSection(SolutionItems) = preProject
		.editorconfig = .editorconfig
	EndProjectSection
EndProject
Global
	GlobalSection(SolutionConfigurationPlatforms) = preSolution
		Debug|Any CPU = Debug|Any CPU
		Release|Any CPU = Release|Any CPU
	EndGlobalSection
	GlobalSection(ProjectConfigurationPlatforms) = postSolution
		{DA5190A3-F971-48F6-8AB0-DC5697ACCFB1}.Debug|Any CPU.ActiveCfg = Debug|Any CPU
		{DA5190A3-F971-48F6-8AB0-DC5697ACCFB1}.Debug|Any CPU.Build.0 = Debug|Any CPU
		{DA5190A3-F971-48F6-8AB0-DC5697ACCFB1}.Release|Any CPU.ActiveCfg = Release|Any CPU
		{DA5190A3-F971-48F6-8AB0-DC5697ACCFB1}.Release|Any CPU.Build.0 = Release|Any CPU
	EndGlobalSection
	GlobalSection(SolutionProperties) = preSolution
		HideSolutionNode = FALSE
	EndGlobalSection
	GlobalSection(ExtensibilityGlobals) = postSolution
		SolutionGuid = {07FB00F9-230B-4D4B-94FC-A2AC4CF1068A}
	EndGlobalSection
EndGlobal
